// !$*UTF8*$!
{
	archiveVersion = 1;
	classes = {
	};
	objectVersion = 46;
	objects = {

/* Begin PBXBuildFile section */
		5216589B1F278A1900232005 /* CustomThread.mm in Sources */ = {isa = PBXBuildFile; fileRef = 5216589A1F278A1900232005 /* CustomThread.mm */; };
		5216589E1F278D3C00232005 /* Items.m in Sources */ = {isa = PBXBuildFile; fileRef = 5216589D1F278D3C00232005 /* Items.m */; };
		524FC5021F283C91004F0E10 /* RunLoopController.m in Sources */ = {isa = PBXBuildFile; fileRef = 524FC5011F283C91004F0E10 /* RunLoopController.m */; };
		527D6CB61F21FFF00030730D /* main.m in Sources */ = {isa = PBXBuildFile; fileRef = 527D6CB51F21FFF00030730D /* main.m */; };
		527D6CB91F21FFF00030730D /* AppDelegate.m in Sources */ = {isa = PBXBuildFile; fileRef = 527D6CB81F21FFF00030730D /* AppDelegate.m */; };
		527D6CBC1F21FFF00030730D /* ViewController.m in Sources */ = {isa = PBXBuildFile; fileRef = 527D6CBB1F21FFF00030730D /* ViewController.m */; };
		527D6CBF1F21FFF00030730D /* Main.storyboard in Resources */ = {isa = PBXBuildFile; fileRef = 527D6CBD1F21FFF00030730D /* Main.storyboard */; };
		527D6CC11F21FFF00030730D /* Assets.xcassets in Resources */ = {isa = PBXBuildFile; fileRef = 527D6CC01F21FFF00030730D /* Assets.xcassets */; };
		527D6CC41F21FFF00030730D /* LaunchScreen.storyboard in Resources */ = {isa = PBXBuildFile; fileRef = 527D6CC21F21FFF00030730D /* LaunchScreen.storyboard */; };
		527D6CCF1F21FFF00030730D /* demo5Tests.m in Sources */ = {isa = PBXBuildFile; fileRef = 527D6CCE1F21FFF00030730D /* demo5Tests.m */; };
		527D6CDA1F21FFF00030730D /* demo5UITests.m in Sources */ = {isa = PBXBuildFile; fileRef = 527D6CD91F21FFF00030730D /* demo5UITests.m */; };
		AEDB4E1FBF7881F86CE947C1 /* libPods-demo5.a in Frameworks */ = {isa = PBXBuildFile; fileRef = 25960E195F19DB257D2AE807 /* libPods-demo5.a */; };
/* End PBXBuildFile section */

/* Begin PBXContainerItemProxy section */
		527D6CCB1F21FFF00030730D /* PBXContainerItemProxy */ = {
			isa = PBXContainerItemProxy;
			containerPortal = 527D6CA91F21FFEF0030730D /* Project object */;
			proxyType = 1;
			remoteGlobalIDString = 527D6CB01F21FFEF0030730D;
			remoteInfo = demo5;
		};
		527D6CD61F21FFF00030730D /* PBXContainerItemProxy */ = {
			isa = PBXContainerItemProxy;
			containerPortal = 527D6CA91F21FFEF0030730D /* Project object */;
			proxyType = 1;
			remoteGlobalIDString = 527D6CB01F21FFEF0030730D;
			remoteInfo = demo5;
		};
/* End PBXContainerItemProxy section */

/* Begin PBXFileReference section */
		20269074C974464A5CC02978 /* Pods-demo5.release.xcconfig */ = {isa = PBXFileReference; includeInIndex = 1; lastKnownFileType = text.xcconfig; name = "Pods-demo5.release.xcconfig"; path = "Pods/Target Support Files/Pods-demo5/Pods-demo5.release.xcconfig"; sourceTree = "<group>"; };
		25960E195F19DB257D2AE807 /* libPods-demo5.a */ = {isa = PBXFileReference; explicitFileType = archive.ar; includeInIndex = 0; path = "libPods-demo5.a"; sourceTree = BUILT_PRODUCTS_DIR; };
		3A9D29C6309E384C5D85C972 /* Pods-demo5.debug.xcconfig */ = {isa = PBXFileReference; includeInIndex = 1; lastKnownFileType = text.xcconfig; name = "Pods-demo5.debug.xcconfig"; path = "Pods/Target Support Files/Pods-demo5/Pods-demo5.debug.xcconfig"; sourceTree = "<group>"; };
		521658991F278A0600232005 /* CustomThread.h */ = {isa = PBXFileReference; lastKnownFileType = sourcecode.c.h; name = CustomThread.h; path = "../../../Downloads/RunLoopDemo-master/RunLoopDemo01/ZYRunLoopDemo/CustomThread.h"; sourceTree = "<group>"; };
		5216589A1F278A1900232005 /* CustomThread.mm */ = {isa = PBXFileReference; fileEncoding = 4; lastKnownFileType = sourcecode.cpp.objcpp; name = CustomThread.mm; path = "../../../Downloads/RunLoopDemo-master/RunLoopDemo01/ZYRunLoopDemo/CustomThread.mm"; sourceTree = "<group>"; };
		5216589C1F278D1400232005 /* Items.h */ = {isa = PBXFileReference; lastKnownFileType = sourcecode.c.h; name = Items.h; path = ../../demo4/demo4/main/model/Items.h; sourceTree = "<group>"; };
		5216589D1F278D3C00232005 /* Items.m */ = {isa = PBXFileReference; fileEncoding = 4; lastKnownFileType = sourcecode.c.objc; name = Items.m; path = ../../demo4/demo4/main/model/Items.m; sourceTree = "<group>"; };
		524FC5001F283C5D004F0E10 /* RunLoopController.h */ = {isa = PBXFileReference; lastKnownFileType = sourcecode.c.h; path = RunLoopController.h; sourceTree = "<group>"; };
		524FC5011F283C91004F0E10 /* RunLoopController.m */ = {isa = PBXFileReference; fileEncoding = 4; lastKnownFileType = sourcecode.c.objc; path = RunLoopController.m; sourceTree = "<group>"; };
		527D6CB11F21FFEF0030730D /* demo5.app */ = {isa = PBXFileReference; explicitFileType = wrapper.application; includeInIndex = 0; path = demo5.app; sourceTree = BUILT_PRODUCTS_DIR; };
		527D6CB51F21FFF00030730D /* main.m */ = {isa = PBXFileReference; lastKnownFileType = sourcecode.c.objc; path = main.m; sourceTree = "<group>"; };
		527D6CB71F21FFF00030730D /* AppDelegate.h */ = {isa = PBXFileReference; lastKnownFileType = sourcecode.c.h; path = AppDelegate.h; sourceTree = "<group>"; };
		527D6CB81F21FFF00030730D /* AppDelegate.m */ = {isa = PBXFileReference; lastKnownFileType = sourcecode.c.objc; path = AppDelegate.m; sourceTree = "<group>"; };
		527D6CBA1F21FFF00030730D /* ViewController.h */ = {isa = PBXFileReference; lastKnownFileType = sourcecode.c.h; path = ViewController.h; sourceTree = "<group>"; };
		527D6CBB1F21FFF00030730D /* ViewController.m */ = {isa = PBXFileReference; lastKnownFileType = sourcecode.c.objc; path = ViewController.m; sourceTree = "<group>"; };
		527D6CBE1F21FFF00030730D /* Base */ = {isa = PBXFileReference; lastKnownFileType = file.storyboard; name = Base; path = Base.lproj/Main.storyboard; sourceTree = "<group>"; };
		527D6CC01F21FFF00030730D /* Assets.xcassets */ = {isa = PBXFileReference; lastKnownFileType = folder.assetcatalog; path = Assets.xcassets; sourceTree = "<group>"; };
		527D6CC31F21FFF00030730D /* Base */ = {isa = PBXFileReference; lastKnownFileType = file.storyboard; name = Base; path = Base.lproj/LaunchScreen.storyboard; sourceTree = "<group>"; };
		527D6CC51F21FFF00030730D /* Info.plist */ = {isa = PBXFileReference; lastKnownFileType = text.plist.xml; path = Info.plist; sourceTree = "<group>"; };
		527D6CCA1F21FFF00030730D /* demo5Tests.xctest */ = {isa = PBXFileReference; explicitFileType = wrapper.cfbundle; includeInIndex = 0; path = demo5Tests.xctest; sourceTree = BUILT_PRODUCTS_DIR; };
		527D6CCE1F21FFF00030730D /* demo5Tests.m */ = {isa = PBXFileReference; lastKnownFileType = sourcecode.c.objc; path = demo5Tests.m; sourceTree = "<group>"; };
		527D6CD01F21FFF00030730D /* Info.plist */ = {isa = PBXFileReference; lastKnownFileType = text.plist.xml; path = Info.plist; sourceTree = "<group>"; };
		527D6CD51F21FFF00030730D /* demo5UITests.xctest */ = {isa = PBXFileReference; explicitFileType = wrapper.cfbundle; includeInIndex = 0; path = demo5UITests.xctest; sourceTree = BUILT_PRODUCTS_DIR; };
		527D6CD91F21FFF00030730D /* demo5UITests.m */ = {isa = PBXFileReference; lastKnownFileType = sourcecode.c.objc; path = demo5UITests.m; sourceTree = "<group>"; };
		527D6CDB1F21FFF00030730D /* Info.plist */ = {isa = PBXFileReference; lastKnownFileType = text.plist.xml; path = Info.plist; sourceTree = "<group>"; };
/* End PBXFileReference section */

/* Begin PBXFrameworksBuildPhase section */
		527D6CAE1F21FFEF0030730D /* Frameworks */ = {
			isa = PBXFrameworksBuildPhase;
			buildActionMask = 2147483647;
			files = (
				AEDB4E1FBF7881F86CE947C1 /* libPods-demo5.a in Frameworks */,
			);
			runOnlyForDeploymentPostprocessing = 0;
		};
		527D6CC71F21FFF00030730D /* Frameworks */ = {
			isa = PBXFrameworksBuildPhase;
			buildActionMask = 2147483647;
			files = (
			);
			runOnlyForDeploymentPostprocessing = 0;
		};
		527D6CD21F21FFF00030730D /* Frameworks */ = {
			isa = PBXFrameworksBuildPhase;
			buildActionMask = 2147483647;
			files = (
			);
			runOnlyForDeploymentPostprocessing = 0;
		};
/* End PBXFrameworksBuildPhase section */

/* Begin PBXGroup section */
		437F56DCDF8FBEFB499EFD51 /* Frameworks */ = {
			isa = PBXGroup;
			children = (
				25960E195F19DB257D2AE807 /* libPods-demo5.a */,
			);
			name = Frameworks;
			sourceTree = "<group>";
		};
		5216589F1F278DA000232005 /* Controller */ = {
			isa = PBXGroup;
			children = (
				524FC5001F283C5D004F0E10 /* RunLoopController.h */,
				524FC5011F283C91004F0E10 /* RunLoopController.m */,
			);
			name = Controller;
			sourceTree = "<group>";
		};
		527D6CA81F21FFEF0030730D = {
			isa = PBXGroup;
			children = (
				527D6CB31F21FFEF0030730D /* demo5 */,
				527D6CCD1F21FFF00030730D /* demo5Tests */,
				527D6CD81F21FFF00030730D /* demo5UITests */,
				527D6CB21F21FFEF0030730D /* Products */,
				F5420985C9274F29AF3F03E3 /* Pods */,
				437F56DCDF8FBEFB499EFD51 /* Frameworks */,
			);
			sourceTree = "<group>";
		};
		527D6CB21F21FFEF0030730D /* Products */ = {
			isa = PBXGroup;
			children = (
				527D6CB11F21FFEF0030730D /* demo5.app */,
				527D6CCA1F21FFF00030730D /* demo5Tests.xctest */,
				527D6CD51F21FFF00030730D /* demo5UITests.xctest */,
			);
			name = Products;
			sourceTree = "<group>";
		};
		527D6CB31F21FFEF0030730D /* demo5 */ = {
			isa = PBXGroup;
			children = (
				5216589F1F278DA000232005 /* Controller */,
				527D6CB71F21FFF00030730D /* AppDelegate.h */,
				527D6CB81F21FFF00030730D /* AppDelegate.m */,
				527D6CBA1F21FFF00030730D /* ViewController.h */,
				527D6CBB1F21FFF00030730D /* ViewController.m */,
				5216589C1F278D1400232005 /* Items.h */,
				5216589D1F278D3C00232005 /* Items.m */,
				521658991F278A0600232005 /* CustomThread.h */,
				5216589A1F278A1900232005 /* CustomThread.mm */,
				527D6CBD1F21FFF00030730D /* Main.storyboard */,
				527D6CC01F21FFF00030730D /* Assets.xcassets */,
				527D6CC21F21FFF00030730D /* LaunchScreen.storyboard */,
				527D6CC51F21FFF00030730D /* Info.plist */,
				527D6CB41F21FFEF0030730D /* Supporting Files */,
			);
			path = demo5;
			sourceTree = "<group>";
		};
		527D6CB41F21FFEF0030730D /* Supporting Files */ = {
			isa = PBXGroup;
			children = (
				527D6CB51F21FFF00030730D /* main.m */,
			);
			name = "Supporting Files";
			sourceTree = "<group>";
		};
		527D6CCD1F21FFF00030730D /* demo5Tests */ = {
			isa = PBXGroup;
			children = (
				527D6CCE1F21FFF00030730D /* demo5Tests.m */,
				527D6CD01F21FFF00030730D /* Info.plist */,
			);
			path = demo5Tests;
			sourceTree = "<group>";
		};
		527D6CD81F21FFF00030730D /* demo5UITests */ = {
			isa = PBXGroup;
			children = (
				527D6CD91F21FFF00030730D /* demo5UITests.m */,
				527D6CDB1F21FFF00030730D /* Info.plist */,
			);
			path = demo5UITests;
			sourceTree = "<group>";
		};
		F5420985C9274F29AF3F03E3 /* Pods */ = {
			isa = PBXGroup;
			children = (
				3A9D29C6309E384C5D85C972 /* Pods-demo5.debug.xcconfig */,
				20269074C974464A5CC02978 /* Pods-demo5.release.xcconfig */,
			);
			name = Pods;
			sourceTree = "<group>";
		};
/* End PBXGroup section */

/* Begin PBXNativeTarget section */
		527D6CB01F21FFEF0030730D /* demo5 */ = {
			isa = PBXNativeTarget;
			buildConfigurationList = 527D6CDE1F21FFF00030730D /* Build configuration list for PBXNativeTarget "demo5" */;
			buildPhases = (
				9DE9778B32ACE7321E751442 /* [CP] Check Pods Manifest.lock */,
				527D6CAD1F21FFEF0030730D /* Sources */,
				527D6CAE1F21FFEF0030730D /* Frameworks */,
				527D6CAF1F21FFEF0030730D /* Resources */,
				3C863DDB044DA7F4B8695945 /* [CP] Embed Pods Frameworks */,
				1A55210698033B7939D6A3F3 /* [CP] Copy Pods Resources */,
			);
			buildRules = (
			);
			dependencies = (
			);
			name = demo5;
			productName = demo5;
			productReference = 527D6CB11F21FFEF0030730D /* demo5.app */;
			productType = "com.apple.product-type.application";
		};
		527D6CC91F21FFF00030730D /* demo5Tests */ = {
			isa = PBXNativeTarget;
			buildConfigurationList = 527D6CE11F21FFF00030730D /* Build configuration list for PBXNativeTarget "demo5Tests" */;
			buildPhases = (
				527D6CC61F21FFF00030730D /* Sources */,
				527D6CC71F21FFF00030730D /* Frameworks */,
				527D6CC81F21FFF00030730D /* Resources */,
			);
			buildRules = (
			);
			dependencies = (
				527D6CCC1F21FFF00030730D /* PBXTargetDependency */,
			);
			name = demo5Tests;
			productName = demo5Tests;
			productReference = 527D6CCA1F21FFF00030730D /* demo5Tests.xctest */;
			productType = "com.apple.product-type.bundle.unit-test";
		};
		527D6CD41F21FFF00030730D /* demo5UITests */ = {
			isa = PBXNativeTarget;
			buildConfigurationList = 527D6CE41F21FFF00030730D /* Build configuration list for PBXNativeTarget "demo5UITests" */;
			buildPhases = (
				527D6CD11F21FFF00030730D /* Sources */,
				527D6CD21F21FFF00030730D /* Frameworks */,
				527D6CD31F21FFF00030730D /* Resources */,
			);
			buildRules = (
			);
			dependencies = (
				527D6CD71F21FFF00030730D /* PBXTargetDependency */,
			);
			name = demo5UITests;
			productName = demo5UITests;
			productReference = 527D6CD51F21FFF00030730D /* demo5UITests.xctest */;
			productType = "com.apple.product-type.bundle.ui-testing";
		};
/* End PBXNativeTarget section */

/* Begin PBXProject section */
		527D6CA91F21FFEF0030730D /* Project object */ = {
			isa = PBXProject;
			attributes = {
				LastUpgradeCheck = 0800;
				ORGANIZATIONNAME = test;
				TargetAttributes = {
					527D6CB01F21FFEF0030730D = {
						CreatedOnToolsVersion = 8.0;
						ProvisioningStyle = Automatic;
					};
					527D6CC91F21FFF00030730D = {
						CreatedOnToolsVersion = 8.0;
						ProvisioningStyle = Automatic;
						TestTargetID = 527D6CB01F21FFEF0030730D;
					};
					527D6CD41F21FFF00030730D = {
						CreatedOnToolsVersion = 8.0;
						ProvisioningStyle = Automatic;
						TestTargetID = 527D6CB01F21FFEF0030730D;
					};
				};
			};
			buildConfigurationList = 527D6CAC1F21FFEF0030730D /* Build configuration list for PBXProject "demo5" */;
			compatibilityVersion = "Xcode 3.2";
			developmentRegion = English;
			hasScannedForEncodings = 0;
			knownRegions = (
				en,
				Base,
			);
			mainGroup = 527D6CA81F21FFEF0030730D;
			productRefGroup = 527D6CB21F21FFEF0030730D /* Products */;
			projectDirPath = "";
			projectRoot = "";
			targets = (
				527D6CB01F21FFEF0030730D /* demo5 */,
				527D6CC91F21FFF00030730D /* demo5Tests */,
				527D6CD41F21FFF00030730D /* demo5UITests */,
			);
		};
/* End PBXProject section */

/* Begin PBXResourcesBuildPhase section */
		527D6CAF1F21FFEF0030730D /* Resources */ = {
			isa = PBXResourcesBuildPhase;
			buildActionMask = 2147483647;
			files = (
				527D6CC41F21FFF00030730D /* LaunchScreen.storyboard in Resources */,
				527D6CC11F21FFF00030730D /* Assets.xcassets in Resources */,
				527D6CBF1F21FFF00030730D /* Main.storyboard in Resources */,
			);
			runOnlyForDeploymentPostprocessing = 0;
		};
		527D6CC81F21FFF00030730D /* Resources */ = {
			isa = PBXResourcesBuildPhase;
			buildActionMask = 2147483647;
			files = (
			);
			runOnlyForDeploymentPostprocessing = 0;
		};
		527D6CD31F21FFF00030730D /* Resources */ = {
			isa = PBXResourcesBuildPhase;
			buildActionMask = 2147483647;
			files = (
			);
			runOnlyForDeploymentPostprocessing = 0;
		};
/* End PBXResourcesBuildPhase section */

/* Begin PBXShellScriptBuildPhase section */
		1A55210698033B7939D6A3F3 /* [CP] Copy Pods Resources */ = {
			isa = PBXShellScriptBuildPhase;
			buildActionMask = 2147483647;
			files = (
			);
			inputPaths = (
			);
			name = "[CP] Copy Pods Resources";
			outputPaths = (
			);
			runOnlyForDeploymentPostprocessing = 0;
			shellPath = /bin/sh;
			shellScript = "\"${SRCROOT}/Pods/Target Support Files/Pods-demo5/Pods-demo5-resources.sh\"\n";
			showEnvVarsInLog = 0;
		};
		3C863DDB044DA7F4B8695945 /* [CP] Embed Pods Frameworks */ = {
			isa = PBXShellScriptBuildPhase;
			buildActionMask = 2147483647;
			files = (
			);
			inputPaths = (
			);
			name = "[CP] Embed Pods Frameworks";
			outputPaths = (
			);
			runOnlyForDeploymentPostprocessing = 0;
			shellPath = /bin/sh;
			shellScript = "\"${SRCROOT}/Pods/Target Support Files/Pods-demo5/Pods-demo5-frameworks.sh\"\n";
			showEnvVarsInLog = 0;
		};
		9DE9778B32ACE7321E751442 /* [CP] Check Pods Manifest.lock */ = {
			isa = PBXShellScriptBuildPhase;
			buildActionMask = 2147483647;
			files = (
			);
			inputPaths = (
				"${PODS_PODFILE_DIR_PATH}/Podfile.lock",
				"${PODS_ROOT}/Manifest.lock",
			);
			name = "[CP] Check Pods Manifest.lock";
			outputPaths = (
				"$(DERIVED_FILE_DIR)/Pods-demo5-checkManifestLockResult.txt",
			);
			runOnlyForDeploymentPostprocessing = 0;
			shellPath = /bin/sh;
			shellScript = "diff \"${PODS_PODFILE_DIR_PATH}/Podfile.lock\" \"${PODS_ROOT}/Manifest.lock\" > /dev/null\nif [ $? != 0 ] ; then\n    # print error to STDERR\n    echo \"error: The sandbox is not in sync with the Podfile.lock. Run 'pod install' or update your CocoaPods installation.\" >&2\n    exit 1\nfi\n# This output is used by Xcode 'outputs' to avoid re-running this script phase.\necho \"SUCCESS\" > \"${SCRIPT_OUTPUT_FILE_0}\"\n";
			showEnvVarsInLog = 0;
		};
/* End PBXShellScriptBuildPhase section */

/* Begin PBXSourcesBuildPhase section */
		527D6CAD1F21FFEF0030730D /* Sources */ = {
			isa = PBXSourcesBuildPhase;
			buildActionMask = 2147483647;
			files = (
				527D6CBC1F21FFF00030730D /* ViewController.m in Sources */,
				527D6CB91F21FFF00030730D /* AppDelegate.m in Sources */,
				5216589E1F278D3C00232005 /* Items.m in Sources */,
				524FC5021F283C91004F0E10 /* RunLoopController.m in Sources */,
				5216589B1F278A1900232005 /* CustomThread.mm in Sources */,
				527D6CB61F21FFF00030730D /* main.m in Sources */,
			);
			runOnlyForDeploymentPostprocessing = 0;
		};
		527D6CC61F21FFF00030730D /* Sources */ = {
			isa = PBXSourcesBuildPhase;
			buildActionMask = 2147483647;
			files = (
				527D6CCF1F21FFF00030730D /* demo5Tests.m in Sources */,
			);
			runOnlyForDeploymentPostprocessing = 0;
		};
		527D6CD11F21FFF00030730D /* Sources */ = {
			isa = PBXSourcesBuildPhase;
			buildActionMask = 2147483647;
			files = (
				527D6CDA1F21FFF00030730D /* demo5UITests.m in Sources */,
			);
			runOnlyForDeploymentPostprocessing = 0;
		};
/* End PBXSourcesBuildPhase section */

/* Begin PBXTargetDependency section */
		527D6CCC1F21FFF00030730D /* PBXTargetDependency */ = {
			isa = PBXTargetDependency;
			target = 527D6CB01F21FFEF0030730D /* demo5 */;
			targetProxy = 527D6CCB1F21FFF00030730D /* PBXContainerItemProxy */;
		};
		527D6CD71F21FFF00030730D /* PBXTargetDependency */ = {
			isa = PBXTargetDependency;
			target = 527D6CB01F21FFEF0030730D /* demo5 */;
			targetProxy = 527D6CD61F21FFF00030730D /* PBXContainerItemProxy */;
		};
/* End PBXTargetDependency section */

/* Begin PBXVariantGroup section */
		527D6CBD1F21FFF00030730D /* Main.storyboard */ = {
			isa = PBXVariantGroup;
			children = (
				527D6CBE1F21FFF00030730D /* Base */,
			);
			name = Main.storyboard;
			sourceTree = "<group>";
		};
		527D6CC21F21FFF00030730D /* LaunchScreen.storyboard */ = {
			isa = PBXVariantGroup;
			children = (
				527D6CC31F21FFF00030730D /* Base */,
			);
			name = LaunchScreen.storyboard;
			sourceTree = "<group>";
		};
/* End PBXVariantGroup section */

/* Begin XCBuildConfiguration section */
		527D6CDC1F21FFF00030730D /* Debug */ = {
			isa = XCBuildConfiguration;
			buildSettings = {
				ALWAYS_SEARCH_USER_PATHS = NO;
				CLANG_ANALYZER_NONNULL = YES;
				CLANG_CXX_LANGUAGE_STANDARD = "gnu++0x";
				CLANG_CXX_LIBRARY = "libc++";
				CLANG_ENABLE_MODULES = YES;
				CLANG_ENABLE_OBJC_ARC = YES;
				CLANG_WARN_BOOL_CONVERSION = YES;
				CLANG_WARN_CONSTANT_CONVERSION = YES;
				CLANG_WARN_DIRECT_OBJC_ISA_USAGE = YES_ERROR;
				CLANG_WARN_DOCUMENTATION_COMMENTS = YES;
				CLANG_WARN_EMPTY_BODY = YES;
				CLANG_WARN_ENUM_CONVERSION = YES;
				CLANG_WARN_INFINITE_RECURSION = YES;
				CLANG_WARN_INT_CONVERSION = YES;
				CLANG_WARN_OBJC_ROOT_CLASS = YES_ERROR;
				CLANG_WARN_SUSPICIOUS_MOVES = YES;
				CLANG_WARN_UNREACHABLE_CODE = YES;
				CLANG_WARN__DUPLICATE_METHOD_MATCH = YES;
				"CODE_SIGN_IDENTITY[sdk=iphoneos*]" = "iPhone Developer";
				COPY_PHASE_STRIP = NO;
				DEBUG_INFORMATION_FORMAT = dwarf;
				ENABLE_STRICT_OBJC_MSGSEND = YES;
				ENABLE_TESTABILITY = YES;
				GCC_C_LANGUAGE_STANDARD = gnu99;
				GCC_DYNAMIC_NO_PIC = NO;
				GCC_NO_COMMON_BLOCKS = YES;
				GCC_OPTIMIZATION_LEVEL = 0;
				GCC_PREPROCESSOR_DEFINITIONS = (
					"DEBUG=1",
					"$(inherited)",
				);
				GCC_WARN_64_TO_32_BIT_CONVERSION = YES;
				GCC_WARN_ABOUT_RETURN_TYPE = YES_ERROR;
				GCC_WARN_UNDECLARED_SELECTOR = YES;
				GCC_WARN_UNINITIALIZED_AUTOS = YES_AGGRESSIVE;
				GCC_WARN_UNUSED_FUNCTION = YES;
				GCC_WARN_UNUSED_VARIABLE = YES;
				IPHONEOS_DEPLOYMENT_TARGET = 10.0;
				MTL_ENABLE_DEBUG_INFO = YES;
				ONLY_ACTIVE_ARCH = YES;
				SDKROOT = iphoneos;
				TARGETED_DEVICE_FAMILY = "1,2";
			};
			name = Debug;
		};
		527D6CDD1F21FFF00030730D /* Release */ = {
			isa = XCBuildConfiguration;
			buildSettings = {
				ALWAYS_SEARCH_USER_PATHS = NO;
				CLANG_ANALYZER_NONNULL = YES;
				CLANG_CXX_LANGUAGE_STANDARD = "gnu++0x";
				CLANG_CXX_LIBRARY = "libc++";
				CLANG_ENABLE_MODULES = YES;
				CLANG_ENABLE_OBJC_ARC = YES;
				CLANG_WARN_BOOL_CONVERSION = YES;
				CLANG_WARN_CONSTANT_CONVERSION = YES;
				CLANG_WARN_DIRECT_OBJC_ISA_USAGE = YES_ERROR;
				CLANG_WARN_DOCUMENTATION_COMMENTS = YES;
				CLANG_WARN_EMPTY_BODY = YES;
				CLANG_WARN_ENUM_CONVERSION = YES;
				CLANG_WARN_INFINITE_RECURSION = YES;
				CLANG_WARN_INT_CONVERSION = YES;
				CLANG_WARN_OBJC_ROOT_CLASS = YES_ERROR;
				CLANG_WARN_SUSPICIOUS_MOVES = YES;
				CLANG_WARN_UNREACHABLE_CODE = YES;
				CLANG_WARN__DUPLICATE_METHOD_MATCH = YES;
				"CODE_SIGN_IDENTITY[sdk=iphoneos*]" = "iPhone Developer";
				COPY_PHASE_STRIP = NO;
				DEBUG_INFORMATION_FORMAT = "dwarf-with-dsym";
				ENABLE_NS_ASSERTIONS = NO;
				ENABLE_STRICT_OBJC_MSGSEND = YES;
				GCC_C_LANGUAGE_STANDARD = gnu99;
				GCC_NO_COMMON_BLOCKS = YES;
				GCC_WARN_64_TO_32_BIT_CONVERSION = YES;
				GCC_WARN_ABOUT_RETURN_TYPE = YES_ERROR;
				GCC_WARN_UNDECLARED_SELECTOR = YES;
				GCC_WARN_UNINITIALIZED_AUTOS = YES_AGGRESSIVE;
				GCC_WARN_UNUSED_FUNCTION = YES;
				GCC_WARN_UNUSED_VARIABLE = YES;
				IPHONEOS_DEPLOYMENT_TARGET = 10.0;
				MTL_ENABLE_DEBUG_INFO = NO;
				SDKROOT = iphoneos;
				TARGETED_DEVICE_FAMILY = "1,2";
				VALIDATE_PRODUCT = YES;
			};
			name = Release;
		};
		527D6CDF1F21FFF00030730D /* Debug */ = {
			isa = XCBuildConfiguration;
			baseConfigurationReference = 3A9D29C6309E384C5D85C972 /* Pods-demo5.debug.xcconfig */;
			buildSettings = {
				ASSETCATALOG_COMPILER_APPICON_NAME = AppIcon;
				INFOPLIST_FILE = demo5/Info.plist;
				LD_RUNPATH_SEARCH_PATHS = "$(inherited) @executable_path/Frameworks";
				PRODUCT_BUNDLE_IDENTIFIER = com.baidu.demo5;
				PRODUCT_NAME = "$(TARGET_NAME)";
			};
			name = Debug;
		};
		527D6CE01F21FFF00030730D /* Release */ = {
			isa = XCBuildConfiguration;
			baseConfigurationReference = 20269074C974464A5CC02978 /* Pods-demo5.release.xcconfig */;
			buildSettings = {
				ASSETCATALOG_COMPILER_APPICON_NAME = AppIcon;
				INFOPLIST_FILE = demo5/Info.plist;
				LD_RUNPATH_SEARCH_PATHS = "$(inherited) @executable_path/Frameworks";
				PRODUCT_BUNDLE_IDENTIFIER = com.baidu.demo5;
				PRODUCT_NAME = "$(TARGET_NAME)";
			};
			name = Release;
		};
		527D6CE21F21FFF00030730D /* Debug */ = {
			isa = XCBuildConfiguration;
			buildSettings = {
				BUNDLE_LOADER = "$(TEST_HOST)";
				INFOPLIST_FILE = demo5Tests/Info.plist;
				LD_RUNPATH_SEARCH_PATHS = "$(inherited) @executable_path/Frameworks @loader_path/Frameworks";
				PRODUCT_BUNDLE_IDENTIFIER = com.baidu.demo5Tests;
				PRODUCT_NAME = "$(TARGET_NAME)";
				TEST_HOST = "$(BUILT_PRODUCTS_DIR)/demo5.app/demo5";
			};
			name = Debug;
		};
		527D6CE31F21FFF00030730D /* Release */ = {
			isa = XCBuildConfiguration;
			buildSettings = {
				BUNDLE_LOADER = "$(TEST_HOST)";
				INFOPLIST_FILE = demo5Tests/Info.plist;
				LD_RUNPATH_SEARCH_PATHS = "$(inherited) @executable_path/Frameworks @loader_path/Frameworks";
				PRODUCT_BUNDLE_IDENTIFIER = com.baidu.demo5Tests;
				PRODUCT_NAME = "$(TARGET_NAME)";
				TEST_HOST = "$(BUILT_PRODUCTS_DIR)/demo5.app/demo5";
			};
			name = Release;
		};
		527D6CE51F21FFF00030730D /* Debug */ = {
			isa = XCBuildConfiguration;
			buildSettings = {
				INFOPLIST_FILE = demo5UITests/Info.plist;
				LD_RUNPATH_SEARCH_PATHS = "$(inherited) @executable_path/Frameworks @loader_path/Frameworks";
				PRODUCT_BUNDLE_IDENTIFIER = com.baidu.demo5UITests;
				PRODUCT_NAME = "$(TARGET_NAME)";
				TEST_TARGET_NAME = demo5;
			};
			name = Debug;
		};
		527D6CE61F21FFF00030730D /* Release */ = {
			isa = XCBuildConfiguration;
			buildSettings = {
				INFOPLIST_FILE = demo5UITests/Info.plist;
				LD_RUNPATH_SEARCH_PATHS = "$(inherited) @executable_path/Frameworks @loader_path/Frameworks";
				PRODUCT_BUNDLE_IDENTIFIER = com.baidu.demo5UITests;
				PRODUCT_NAME = "$(TARGET_NAME)";
				TEST_TARGET_NAME = demo5;
			};
			name = Release;
		};
/* End XCBuildConfiguration section */

/* Begin XCConfigurationList section */
		527D6CAC1F21FFEF0030730D /* Build configuration list for PBXProject "demo5" */ = {
			isa = XCConfigurationList;
			buildConfigurations = (
				527D6CDC1F21FFF00030730D /* Debug */,
				527D6CDD1F21FFF00030730D /* Release */,
			);
			defaultConfigurationIsVisible = 0;
			defaultConfigurationName = Release;
		};
		527D6CDE1F21FFF00030730D /* Build configuration list for PBXNativeTarget "demo5" */ = {
			isa = XCConfigurationList;
			buildConfigurations = (
				527D6CDF1F21FFF00030730D /* Debug */,
				527D6CE01F21FFF00030730D /* Release */,
			);
			defaultConfigurationIsVisible = 0;
			defaultConfigurationName = Release;
		};
		527D6CE11F21FFF00030730D /* Build configuration list for PBXNativeTarget "demo5Tests" */ = {
			isa = XCConfigurationList;
			buildConfigurations = (
				527D6CE21F21FFF00030730D /* Debug */,
				527D6CE31F21FFF00030730D /* Release */,
			);
			defaultConfigurationIsVisible = 0;
			defaultConfigurationName = Release;
		};
		527D6CE41F21FFF00030730D /* Build configuration list for PBXNativeTarget "demo5UITests" */ = {
			isa = XCConfigurationList;
			buildConfigurations = (
				527D6CE51F21FFF00030730D /* Debug */,
				527D6CE61F21FFF00030730D /* Release */,
			);
			defaultConfigurationIsVisible = 0;
			defaultConfigurationName = Release;
		};
/* End XCConfigurationList section */
	};
	rootObject = 527D6CA91F21FFEF0030730D /* Project object */;
}
